
Microsoft Visual Studio Solution File, Format Version 12.00
# Visual Studio Version 16
VisualStudioVersion = 16.0.32413.511
MinimumVisualStudioVersion = 10.0.40219.1
Project("{FAE04EC0-301F-11D3-BF4B-00C04F79EFBC}") = "Shop", "Shop\Shop.csproj", "{3FDFAFBE-0C11-4B24-A5C4-82A1951B0821}"
EndProject
Global
	GlobalSection(SolutionConfigurationPlatforms) = preSolution
		Debug|Any CPU = Debug|Any CPU
		Release|Any CPU = Release|Any CPU
	EndGlobalSection
	GlobalSection(ProjectConfigurationPlatforms) = postSolution
		{3FDFAFBE-0C11-4B24-A5C4-82A1951B0821}.Debug|Any CPU.ActiveCfg = Debug|Any CPU
		{3FDFAFBE-0C11-4B24-A5C4-82A1951B0821}.Debug|Any CPU.Build.0 = Debug|Any CPU
		{3FDFAFBE-0C11-4B24-A5C4-82A1951B0821}.Release|Any CPU.ActiveCfg = Release|Any CPU
		{3FDFAFBE-0C11-4B24-A5C4-82A1951B0821}.Release|Any CPU.Build.0 = Release|Any CPU
	EndGlobalSection
	GlobalSection(SolutionProperties) = preSolution
		HideSolutionNode = FALSE
	EndGlobalSection
	GlobalSection(ExtensibilityGlobals) = postSolution
		SolutionGuid = {42CCAB71-CDD8-4570-AC4B-FA14A3DAC409}
	EndGlobalSection
EndGlobal
